// !$*UTF8*$!
{
	archiveVersion = 1;
	classes = {
	};
	objectVersion = 56;
	objects = {

/* Begin PBXBuildFile section */
		253B60BB2934CD710044E1FA /* Logo.swift in Sources */ = {isa = PBXBuildFile; fileRef = 253B60BA2934CD710044E1FA /* Logo.swift */; };
		253B60C22934CE0D0044E1FA /* SpoqaHanSansNeo-Thin.otf in Resources */ = {isa = PBXBuildFile; fileRef = 253B60BD2934CE0C0044E1FA /* SpoqaHanSansNeo-Thin.otf */; };
		253B60C32934CE0D0044E1FA /* SpoqaHanSansNeo-Light.otf in Resources */ = {isa = PBXBuildFile; fileRef = 253B60BE2934CE0C0044E1FA /* SpoqaHanSansNeo-Light.otf */; };
		253B60C42934CE0D0044E1FA /* SpoqaHanSansNeo-Bold.otf in Resources */ = {isa = PBXBuildFile; fileRef = 253B60BF2934CE0C0044E1FA /* SpoqaHanSansNeo-Bold.otf */; };
		253B60C52934CE0D0044E1FA /* SpoqaHanSansNeo-Medium.otf in Resources */ = {isa = PBXBuildFile; fileRef = 253B60C02934CE0C0044E1FA /* SpoqaHanSansNeo-Medium.otf */; };
		253B60C62934CE0D0044E1FA /* SpoqaHanSansNeo-Regular.otf in Resources */ = {isa = PBXBuildFile; fileRef = 253B60C12934CE0D0044E1FA /* SpoqaHanSansNeo-Regular.otf */; };
		258EA24B2929CB5900A289C3 /* UIColor+Extension.swift in Sources */ = {isa = PBXBuildFile; fileRef = 258EA24A2929CB5900A289C3 /* UIColor+Extension.swift */; };
		258EA24D2929CB8A00A289C3 /* Array+Extension.swift in Sources */ = {isa = PBXBuildFile; fileRef = 258EA24C2929CB8A00A289C3 /* Array+Extension.swift */; };
		258EA24F2929CBA200A289C3 /* UIApplication+Extension.swift in Sources */ = {isa = PBXBuildFile; fileRef = 258EA24E2929CBA200A289C3 /* UIApplication+Extension.swift */; };
		258EA2512929CBB100A289C3 /* UIFont+Extension.swift in Sources */ = {isa = PBXBuildFile; fileRef = 258EA2502929CBB100A289C3 /* UIFont+Extension.swift */; };
		258EA2532929CBC300A289C3 /* UIImage+Extension.swift in Sources */ = {isa = PBXBuildFile; fileRef = 258EA2522929CBC300A289C3 /* UIImage+Extension.swift */; };
		258EA2552929CBD800A289C3 /* UINavigationController+Extension.swift in Sources */ = {isa = PBXBuildFile; fileRef = 258EA2542929CBD800A289C3 /* UINavigationController+Extension.swift */; };
		258EA2572929CBE800A289C3 /* UIDevice+Extension.swift in Sources */ = {isa = PBXBuildFile; fileRef = 258EA2562929CBE800A289C3 /* UIDevice+Extension.swift */; };
		258EA2592929CBFC00A289C3 /* NotificationCenter+Extension.swift in Sources */ = {isa = PBXBuildFile; fileRef = 258EA2582929CBFC00A289C3 /* NotificationCenter+Extension.swift */; };
		258EA25B2929CC0B00A289C3 /* UIBarButtonItem+Extension.swift in Sources */ = {isa = PBXBuildFile; fileRef = 258EA25A2929CC0B00A289C3 /* UIBarButtonItem+Extension.swift */; };
		258EA25E2929CC7400A289C3 /* SnapKit in Frameworks */ = {isa = PBXBuildFile; productRef = 258EA25D2929CC7400A289C3 /* SnapKit */; };
		258EA2602929CCC200A289C3 /* SplashViewController.swift in Sources */ = {isa = PBXBuildFile; fileRef = 258EA25F2929CCC200A289C3 /* SplashViewController.swift */; };
		2598133E29210FE600C7AC26 /* AppDelegate.swift in Sources */ = {isa = PBXBuildFile; fileRef = 2598133D29210FE600C7AC26 /* AppDelegate.swift */; };
		2598134029210FE600C7AC26 /* SceneDelegate.swift in Sources */ = {isa = PBXBuildFile; fileRef = 2598133F29210FE600C7AC26 /* SceneDelegate.swift */; };
		2598134229210FE600C7AC26 /* ViewController.swift in Sources */ = {isa = PBXBuildFile; fileRef = 2598134129210FE600C7AC26 /* ViewController.swift */; };
		2598134729210FE700C7AC26 /* Assets.xcassets in Resources */ = {isa = PBXBuildFile; fileRef = 2598134629210FE700C7AC26 /* Assets.xcassets */; };
		2598134A29210FE700C7AC26 /* LaunchScreen.storyboard in Resources */ = {isa = PBXBuildFile; fileRef = 2598134829210FE700C7AC26 /* LaunchScreen.storyboard */; };
/* End PBXBuildFile section */

/* Begin PBXFileReference section */
		253B60BA2934CD710044E1FA /* Logo.swift */ = {isa = PBXFileReference; lastKnownFileType = sourcecode.swift; path = Logo.swift; sourceTree = "<group>"; };
		253B60BD2934CE0C0044E1FA /* SpoqaHanSansNeo-Thin.otf */ = {isa = PBXFileReference; lastKnownFileType = file; path = "SpoqaHanSansNeo-Thin.otf"; sourceTree = "<group>"; };
		253B60BE2934CE0C0044E1FA /* SpoqaHanSansNeo-Light.otf */ = {isa = PBXFileReference; lastKnownFileType = file; path = "SpoqaHanSansNeo-Light.otf"; sourceTree = "<group>"; };
		253B60BF2934CE0C0044E1FA /* SpoqaHanSansNeo-Bold.otf */ = {isa = PBXFileReference; lastKnownFileType = file; path = "SpoqaHanSansNeo-Bold.otf"; sourceTree = "<group>"; };
		253B60C02934CE0C0044E1FA /* SpoqaHanSansNeo-Medium.otf */ = {isa = PBXFileReference; lastKnownFileType = file; path = "SpoqaHanSansNeo-Medium.otf"; sourceTree = "<group>"; };
		253B60C12934CE0D0044E1FA /* SpoqaHanSansNeo-Regular.otf */ = {isa = PBXFileReference; lastKnownFileType = file; path = "SpoqaHanSansNeo-Regular.otf"; sourceTree = "<group>"; };
		258EA24A2929CB5900A289C3 /* UIColor+Extension.swift */ = {isa = PBXFileReference; lastKnownFileType = sourcecode.swift; path = "UIColor+Extension.swift"; sourceTree = "<group>"; };
		258EA24C2929CB8A00A289C3 /* Array+Extension.swift */ = {isa = PBXFileReference; lastKnownFileType = sourcecode.swift; path = "Array+Extension.swift"; sourceTree = "<group>"; };
		258EA24E2929CBA200A289C3 /* UIApplication+Extension.swift */ = {isa = PBXFileReference; lastKnownFileType = sourcecode.swift; path = "UIApplication+Extension.swift"; sourceTree = "<group>"; };
		258EA2502929CBB100A289C3 /* UIFont+Extension.swift */ = {isa = PBXFileReference; lastKnownFileType = sourcecode.swift; path = "UIFont+Extension.swift"; sourceTree = "<group>"; };
		258EA2522929CBC300A289C3 /* UIImage+Extension.swift */ = {isa = PBXFileReference; lastKnownFileType = sourcecode.swift; path = "UIImage+Extension.swift"; sourceTree = "<group>"; };
		258EA2542929CBD800A289C3 /* UINavigationController+Extension.swift */ = {isa = PBXFileReference; lastKnownFileType = sourcecode.swift; path = "UINavigationController+Extension.swift"; sourceTree = "<group>"; };
		258EA2562929CBE800A289C3 /* UIDevice+Extension.swift */ = {isa = PBXFileReference; lastKnownFileType = sourcecode.swift; path = "UIDevice+Extension.swift"; sourceTree = "<group>"; };
		258EA2582929CBFC00A289C3 /* NotificationCenter+Extension.swift */ = {isa = PBXFileReference; lastKnownFileType = sourcecode.swift; path = "NotificationCenter+Extension.swift"; sourceTree = "<group>"; };
		258EA25A2929CC0B00A289C3 /* UIBarButtonItem+Extension.swift */ = {isa = PBXFileReference; lastKnownFileType = sourcecode.swift; path = "UIBarButtonItem+Extension.swift"; sourceTree = "<group>"; };
		258EA25F2929CCC200A289C3 /* SplashViewController.swift */ = {isa = PBXFileReference; lastKnownFileType = sourcecode.swift; path = SplashViewController.swift; sourceTree = "<group>"; };
		2598133A29210FE600C7AC26 /* Fland-iOS-Project.app */ = {isa = PBXFileReference; explicitFileType = wrapper.application; includeInIndex = 0; path = "Fland-iOS-Project.app"; sourceTree = BUILT_PRODUCTS_DIR; };
		2598133D29210FE600C7AC26 /* AppDelegate.swift */ = {isa = PBXFileReference; lastKnownFileType = sourcecode.swift; path = AppDelegate.swift; sourceTree = "<group>"; };
		2598133F29210FE600C7AC26 /* SceneDelegate.swift */ = {isa = PBXFileReference; lastKnownFileType = sourcecode.swift; path = SceneDelegate.swift; sourceTree = "<group>"; };
		2598134129210FE600C7AC26 /* ViewController.swift */ = {isa = PBXFileReference; lastKnownFileType = sourcecode.swift; path = ViewController.swift; sourceTree = "<group>"; };
		2598134629210FE700C7AC26 /* Assets.xcassets */ = {isa = PBXFileReference; lastKnownFileType = folder.assetcatalog; path = Assets.xcassets; sourceTree = "<group>"; };
		2598134929210FE700C7AC26 /* Base */ = {isa = PBXFileReference; lastKnownFileType = file.storyboard; name = Base; path = Base.lproj/LaunchScreen.storyboard; sourceTree = "<group>"; };
		2598134B29210FE700C7AC26 /* Info.plist */ = {isa = PBXFileReference; lastKnownFileType = text.plist.xml; path = Info.plist; sourceTree = "<group>"; };
/* End PBXFileReference section */

/* Begin PBXFrameworksBuildPhase section */
		2598133729210FE600C7AC26 /* Frameworks */ = {
			isa = PBXFrameworksBuildPhase;
			buildActionMask = 2147483647;
			files = (
				258EA25E2929CC7400A289C3 /* SnapKit in Frameworks */,
			);
			runOnlyForDeploymentPostprocessing = 0;
		};
/* End PBXFrameworksBuildPhase section */

/* Begin PBXGroup section */
		253B60B82934CD560044E1FA /* Common */ = {
			isa = PBXGroup;
			children = (
				253B60B92934CD600044E1FA /* Images */,
			);
			path = Common;
			sourceTree = "<group>";
		};
		253B60B92934CD600044E1FA /* Images */ = {
			isa = PBXGroup;
			children = (
				253B60BA2934CD710044E1FA /* Logo.swift */,
			);
			path = Images;
			sourceTree = "<group>";
		};
		253B60BC2934CE020044E1FA /* Font */ = {
			isa = PBXGroup;
			children = (
				253B60BF2934CE0C0044E1FA /* SpoqaHanSansNeo-Bold.otf */,
				253B60BE2934CE0C0044E1FA /* SpoqaHanSansNeo-Light.otf */,
				253B60C02934CE0C0044E1FA /* SpoqaHanSansNeo-Medium.otf */,
				253B60C12934CE0D0044E1FA /* SpoqaHanSansNeo-Regular.otf */,
				253B60BD2934CE0C0044E1FA /* SpoqaHanSansNeo-Thin.otf */,
			);
			path = Font;
			sourceTree = "<group>";
		};
		2598133129210FE600C7AC26 = {
			isa = PBXGroup;
			children = (
				2598133C29210FE600C7AC26 /* Fland-iOS-Project */,
				2598133B29210FE600C7AC26 /* Products */,
			);
			sourceTree = "<group>";
		};
		2598133B29210FE600C7AC26 /* Products */ = {
			isa = PBXGroup;
			children = (
				2598133A29210FE600C7AC26 /* Fland-iOS-Project.app */,
			);
			name = Products;
			sourceTree = "<group>";
		};
		2598133C29210FE600C7AC26 /* Fland-iOS-Project */ = {
			isa = PBXGroup;
			children = (
				259813522921116300C7AC26 /* Sources */,
				259813512921115D00C7AC26 /* Resources */,
			);
			path = "Fland-iOS-Project";
			sourceTree = "<group>";
		};
		259813512921115D00C7AC26 /* Resources */ = {
			isa = PBXGroup;
			children = (
				253B60BC2934CE020044E1FA /* Font */,
				2598134629210FE700C7AC26 /* Assets.xcassets */,
				2598134829210FE700C7AC26 /* LaunchScreen.storyboard */,
				2598134B29210FE700C7AC26 /* Info.plist */,
			);
			path = Resources;
			sourceTree = "<group>";
		};
		259813522921116300C7AC26 /* Sources */ = {
			isa = PBXGroup;
			children = (
				25981359292111A000C7AC26 /* App */,
				259813572921118B00C7AC26 /* Extension */,
				259813562921117D00C7AC26 /* Network */,
				259813552921117300C7AC26 /* Repository */,
				259813542921116F00C7AC26 /* ViewModel */,
				259813532921116B00C7AC26 /* View */,
			);
			path = Sources;
			sourceTree = "<group>";
		};
		259813532921116B00C7AC26 /* View */ = {
			isa = PBXGroup;
			children = (
				253B60B82934CD560044E1FA /* Common */,
				2598134129210FE600C7AC26 /* ViewController.swift */,
				258EA25F2929CCC200A289C3 /* SplashViewController.swift */,
			);
			path = View;
			sourceTree = "<group>";
		};
		259813542921116F00C7AC26 /* ViewModel */ = {
			isa = PBXGroup;
			children = (
			);
			path = ViewModel;
			sourceTree = "<group>";
		};
		259813552921117300C7AC26 /* Repository */ = {
			isa = PBXGroup;
			children = (
			);
			path = Repository;
			sourceTree = "<group>";
		};
		259813562921117D00C7AC26 /* Network */ = {
			isa = PBXGroup;
			children = (
			);
			path = Network;
			sourceTree = "<group>";
		};
		259813572921118B00C7AC26 /* Extension */ = {
			isa = PBXGroup;
			children = (
				258EA24A2929CB5900A289C3 /* UIColor+Extension.swift */,
				258EA24C2929CB8A00A289C3 /* Array+Extension.swift */,
				258EA24E2929CBA200A289C3 /* UIApplication+Extension.swift */,
				258EA2502929CBB100A289C3 /* UIFont+Extension.swift */,
				258EA2522929CBC300A289C3 /* UIImage+Extension.swift */,
				258EA2542929CBD800A289C3 /* UINavigationController+Extension.swift */,
				258EA2562929CBE800A289C3 /* UIDevice+Extension.swift */,
				258EA2582929CBFC00A289C3 /* NotificationCenter+Extension.swift */,
				258EA25A2929CC0B00A289C3 /* UIBarButtonItem+Extension.swift */,
			);
			path = Extension;
			sourceTree = "<group>";
		};
		25981359292111A000C7AC26 /* App */ = {
			isa = PBXGroup;
			children = (
				2598133D29210FE600C7AC26 /* AppDelegate.swift */,
				2598133F29210FE600C7AC26 /* SceneDelegate.swift */,
			);
			path = App;
			sourceTree = "<group>";
		};
/* End PBXGroup section */

/* Begin PBXNativeTarget section */
		2598133929210FE600C7AC26 /* Fland-iOS-Project */ = {
			isa = PBXNativeTarget;
			buildConfigurationList = 2598134E29210FE700C7AC26 /* Build configuration list for PBXNativeTarget "Fland-iOS-Project" */;
			buildPhases = (
				2598133629210FE600C7AC26 /* Sources */,
				2598133729210FE600C7AC26 /* Frameworks */,
				2598133829210FE600C7AC26 /* Resources */,
			);
			buildRules = (
			);
			dependencies = (
			);
			name = "Fland-iOS-Project";
			packageProductDependencies = (
				258EA25D2929CC7400A289C3 /* SnapKit */,
			);
			productName = "Fland-iOS-Project";
			productReference = 2598133A29210FE600C7AC26 /* Fland-iOS-Project.app */;
			productType = "com.apple.product-type.application";
		};
/* End PBXNativeTarget section */

/* Begin PBXProject section */
		2598133229210FE600C7AC26 /* Project object */ = {
			isa = PBXProject;
			attributes = {
				BuildIndependentTargetsInParallel = 1;
				LastSwiftUpdateCheck = 1400;
				LastUpgradeCheck = 1400;
				TargetAttributes = {
					2598133929210FE600C7AC26 = {
						CreatedOnToolsVersion = 14.0.1;
					};
				};
			};
			buildConfigurationList = 2598133529210FE600C7AC26 /* Build configuration list for PBXProject "Fland-iOS-Project" */;
			compatibilityVersion = "Xcode 14.0";
			developmentRegion = en;
			hasScannedForEncodings = 0;
			knownRegions = (
				en,
				Base,
			);
			mainGroup = 2598133129210FE600C7AC26;
			packageReferences = (
				258EA25C2929CC7300A289C3 /* XCRemoteSwiftPackageReference "SnapKit" */,
			);
			productRefGroup = 2598133B29210FE600C7AC26 /* Products */;
			projectDirPath = "";
			projectRoot = "";
			targets = (
				2598133929210FE600C7AC26 /* Fland-iOS-Project */,
			);
		};
/* End PBXProject section */

/* Begin PBXResourcesBuildPhase section */
		2598133829210FE600C7AC26 /* Resources */ = {
			isa = PBXResourcesBuildPhase;
			buildActionMask = 2147483647;
			files = (
				2598134A29210FE700C7AC26 /* LaunchScreen.storyboard in Resources */,
				253B60C42934CE0D0044E1FA /* SpoqaHanSansNeo-Bold.otf in Resources */,
				2598134729210FE700C7AC26 /* Assets.xcassets in Resources */,
				253B60C62934CE0D0044E1FA /* SpoqaHanSansNeo-Regular.otf in Resources */,
				253B60C22934CE0D0044E1FA /* SpoqaHanSansNeo-Thin.otf in Resources */,
				253B60C32934CE0D0044E1FA /* SpoqaHanSansNeo-Light.otf in Resources */,
				253B60C52934CE0D0044E1FA /* SpoqaHanSansNeo-Medium.otf in Resources */,
			);
			runOnlyForDeploymentPostprocessing = 0;
		};
/* End PBXResourcesBuildPhase section */

/* Begin PBXSourcesBuildPhase section */
		2598133629210FE600C7AC26 /* Sources */ = {
			isa = PBXSourcesBuildPhase;
			buildActionMask = 2147483647;
			files = (
				258EA2512929CBB100A289C3 /* UIFont+Extension.swift in Sources */,
				2598134229210FE600C7AC26 /* ViewController.swift in Sources */,
				258EA2592929CBFC00A289C3 /* NotificationCenter+Extension.swift in Sources */,
				258EA24D2929CB8A00A289C3 /* Array+Extension.swift in Sources */,
				258EA25B2929CC0B00A289C3 /* UIBarButtonItem+Extension.swift in Sources */,
				258EA2572929CBE800A289C3 /* UIDevice+Extension.swift in Sources */,
				258EA2602929CCC200A289C3 /* SplashViewController.swift in Sources */,
				258EA2532929CBC300A289C3 /* UIImage+Extension.swift in Sources */,
				253B60BB2934CD710044E1FA /* Logo.swift in Sources */,
				2598133E29210FE600C7AC26 /* AppDelegate.swift in Sources */,
				2598134029210FE600C7AC26 /* SceneDelegate.swift in Sources */,
				258EA24F2929CBA200A289C3 /* UIApplication+Extension.swift in Sources */,
				258EA24B2929CB5900A289C3 /* UIColor+Extension.swift in Sources */,
				258EA2552929CBD800A289C3 /* UINavigationController+Extension.swift in Sources */,
			);
			runOnlyForDeploymentPostprocessing = 0;
		};
/* End PBXSourcesBuildPhase section */

/* Begin PBXVariantGroup section */
		2598134829210FE700C7AC26 /* LaunchScreen.storyboard */ = {
			isa = PBXVariantGroup;
			children = (
				2598134929210FE700C7AC26 /* Base */,
			);
			name = LaunchScreen.storyboard;
			sourceTree = "<group>";
		};
/* End PBXVariantGroup section */

/* Begin XCBuildConfiguration section */
		2598134C29210FE700C7AC26 /* Debug */ = {
			isa = XCBuildConfiguration;
			buildSettings = {
				ALWAYS_SEARCH_USER_PATHS = NO;
				CLANG_ANALYZER_NONNULL = YES;
				CLANG_ANALYZER_NUMBER_OBJECT_CONVERSION = YES_AGGRESSIVE;
				CLANG_CXX_LANGUAGE_STANDARD = "gnu++20";
				CLANG_ENABLE_MODULES = YES;
				CLANG_ENABLE_OBJC_ARC = YES;
				CLANG_ENABLE_OBJC_WEAK = YES;
				CLANG_WARN_BLOCK_CAPTURE_AUTORELEASING = YES;
				CLANG_WARN_BOOL_CONVERSION = YES;
				CLANG_WARN_COMMA = YES;
				CLANG_WARN_CONSTANT_CONVERSION = YES;
				CLANG_WARN_DEPRECATED_OBJC_IMPLEMENTATIONS = YES;
				CLANG_WARN_DIRECT_OBJC_ISA_USAGE = YES_ERROR;
				CLANG_WARN_DOCUMENTATION_COMMENTS = YES;
				CLANG_WARN_EMPTY_BODY = YES;
				CLANG_WARN_ENUM_CONVERSION = YES;
				CLANG_WARN_INFINITE_RECURSION = YES;
				CLANG_WARN_INT_CONVERSION = YES;
				CLANG_WARN_NON_LITERAL_NULL_CONVERSION = YES;
				CLANG_WARN_OBJC_IMPLICIT_RETAIN_SELF = YES;
				CLANG_WARN_OBJC_LITERAL_CONVERSION = YES;
				CLANG_WARN_OBJC_ROOT_CLASS = YES_ERROR;
				CLANG_WARN_QUOTED_INCLUDE_IN_FRAMEWORK_HEADER = YES;
				CLANG_WARN_RANGE_LOOP_ANALYSIS = YES;
				CLANG_WARN_STRICT_PROTOTYPES = YES;
				CLANG_WARN_SUSPICIOUS_MOVE = YES;
				CLANG_WARN_UNGUARDED_AVAILABILITY = YES_AGGRESSIVE;
				CLANG_WARN_UNREACHABLE_CODE = YES;
				CLANG_WARN__DUPLICATE_METHOD_MATCH = YES;
				COPY_PHASE_STRIP = NO;
				DEBUG_INFORMATION_FORMAT = dwarf;
				ENABLE_STRICT_OBJC_MSGSEND = YES;
				ENABLE_TESTABILITY = YES;
				GCC_C_LANGUAGE_STANDARD = gnu11;
				GCC_DYNAMIC_NO_PIC = NO;
				GCC_NO_COMMON_BLOCKS = YES;
				GCC_OPTIMIZATION_LEVEL = 0;
				GCC_PREPROCESSOR_DEFINITIONS = (
					"DEBUG=1",
					"$(inherited)",
				);
				GCC_WARN_64_TO_32_BIT_CONVERSION = YES;
				GCC_WARN_ABOUT_RETURN_TYPE = YES_ERROR;
				GCC_WARN_UNDECLARED_SELECTOR = YES;
				GCC_WARN_UNINITIALIZED_AUTOS = YES_AGGRESSIVE;
				GCC_WARN_UNUSED_FUNCTION = YES;
				GCC_WARN_UNUSED_VARIABLE = YES;
				IPHONEOS_DEPLOYMENT_TARGET = 16.0;
				MTL_ENABLE_DEBUG_INFO = INCLUDE_SOURCE;
				MTL_FAST_MATH = YES;
				ONLY_ACTIVE_ARCH = YES;
				SDKROOT = iphoneos;
				SWIFT_ACTIVE_COMPILATION_CONDITIONS = DEBUG;
				SWIFT_OPTIMIZATION_LEVEL = "-Onone";
			};
			name = Debug;
		};
		2598134D29210FE700C7AC26 /* Release */ = {
			isa = XCBuildConfiguration;
			buildSettings = {
				ALWAYS_SEARCH_USER_PATHS = NO;
				CLANG_ANALYZER_NONNULL = YES;
				CLANG_ANALYZER_NUMBER_OBJECT_CONVERSION = YES_AGGRESSIVE;
				CLANG_CXX_LANGUAGE_STANDARD = "gnu++20";
				CLANG_ENABLE_MODULES = YES;
				CLANG_ENABLE_OBJC_ARC = YES;
				CLANG_ENABLE_OBJC_WEAK = YES;
				CLANG_WARN_BLOCK_CAPTURE_AUTORELEASING = YES;
				CLANG_WARN_BOOL_CONVERSION = YES;
				CLANG_WARN_COMMA = YES;
				CLANG_WARN_CONSTANT_CONVERSION = YES;
				CLANG_WARN_DEPRECATED_OBJC_IMPLEMENTATIONS = YES;
				CLANG_WARN_DIRECT_OBJC_ISA_USAGE = YES_ERROR;
				CLANG_WARN_DOCUMENTATION_COMMENTS = YES;
				CLANG_WARN_EMPTY_BODY = YES;
				CLANG_WARN_ENUM_CONVERSION = YES;
				CLANG_WARN_INFINITE_RECURSION = YES;
				CLANG_WARN_INT_CONVERSION = YES;
				CLANG_WARN_NON_LITERAL_NULL_CONVERSION = YES;
				CLANG_WARN_OBJC_IMPLICIT_RETAIN_SELF = YES;
				CLANG_WARN_OBJC_LITERAL_CONVERSION = YES;
				CLANG_WARN_OBJC_ROOT_CLASS = YES_ERROR;
				CLANG_WARN_QUOTED_INCLUDE_IN_FRAMEWORK_HEADER = YES;
				CLANG_WARN_RANGE_LOOP_ANALYSIS = YES;
				CLANG_WARN_STRICT_PROTOTYPES = YES;
				CLANG_WARN_SUSPICIOUS_MOVE = YES;
				CLANG_WARN_UNGUARDED_AVAILABILITY = YES_AGGRESSIVE;
				CLANG_WARN_UNREACHABLE_CODE = YES;
				CLANG_WARN__DUPLICATE_METHOD_MATCH = YES;
				COPY_PHASE_STRIP = NO;
				DEBUG_INFORMATION_FORMAT = "dwarf-with-dsym";
				ENABLE_NS_ASSERTIONS = NO;
				ENABLE_STRICT_OBJC_MSGSEND = YES;
				GCC_C_LANGUAGE_STANDARD = gnu11;
				GCC_NO_COMMON_BLOCKS = YES;
				GCC_WARN_64_TO_32_BIT_CONVERSION = YES;
				GCC_WARN_ABOUT_RETURN_TYPE = YES_ERROR;
				GCC_WARN_UNDECLARED_SELECTOR = YES;
				GCC_WARN_UNINITIALIZED_AUTOS = YES_AGGRESSIVE;
				GCC_WARN_UNUSED_FUNCTION = YES;
				GCC_WARN_UNUSED_VARIABLE = YES;
				IPHONEOS_DEPLOYMENT_TARGET = 16.0;
				MTL_ENABLE_DEBUG_INFO = NO;
				MTL_FAST_MATH = YES;
				SDKROOT = iphoneos;
				SWIFT_COMPILATION_MODE = wholemodule;
				SWIFT_OPTIMIZATION_LEVEL = "-O";
				VALIDATE_PRODUCT = YES;
			};
			name = Release;
		};
		2598134F29210FE700C7AC26 /* Debug */ = {
			isa = XCBuildConfiguration;
			buildSettings = {
				ASSETCATALOG_COMPILER_APPICON_NAME = AppIcon;
				ASSETCATALOG_COMPILER_GLOBAL_ACCENT_COLOR_NAME = AccentColor;
				CODE_SIGN_STYLE = Automatic;
				CURRENT_PROJECT_VERSION = 1;
				DEVELOPMENT_TEAM = 5WAUHBZJ8Z;
				GENERATE_INFOPLIST_FILE = YES;
				INFOPLIST_FILE = "Fland-iOS-Project/Resources/Info.plist";
				INFOPLIST_KEY_CFBundleDisplayName = Fland;
				INFOPLIST_KEY_LSApplicationCategoryType = "public.app-category.lifestyle";
				INFOPLIST_KEY_UIApplicationSupportsIndirectInputEvents = YES;
				INFOPLIST_KEY_UILaunchStoryboardName = LaunchScreen;
				INFOPLIST_KEY_UISupportedInterfaceOrientations = UIInterfaceOrientationPortrait;
				IPHONEOS_DEPLOYMENT_TARGET = 15.0;
				LD_RUNPATH_SEARCH_PATHS = (
					"$(inherited)",
					"@executable_path/Frameworks",
				);
				MARKETING_VERSION = 1.0;
				PRODUCT_BUNDLE_IDENTIFIER = com.FlandIOS;
				PRODUCT_NAME = "$(TARGET_NAME)";
				SUPPORTED_PLATFORMS = "iphoneos iphonesimulator";
				SUPPORTS_MACCATALYST = NO;
				SUPPORTS_MAC_DESIGNED_FOR_IPHONE_IPAD = NO;
				SWIFT_EMIT_LOC_STRINGS = YES;
				SWIFT_VERSION = 5.0;
				TARGETED_DEVICE_FAMILY = 1;
			};
			name = Debug;
		};
		2598135029210FE700C7AC26 /* Release */ = {
			isa = XCBuildConfiguration;
			buildSettings = {
				ASSETCATALOG_COMPILER_APPICON_NAME = AppIcon;
				ASSETCATALOG_COMPILER_GLOBAL_ACCENT_COLOR_NAME = AccentColor;
				CODE_SIGN_STYLE = Automatic;
				CURRENT_PROJECT_VERSION = 1;
				DEVELOPMENT_TEAM = 5WAUHBZJ8Z;
				GENERATE_INFOPLIST_FILE = YES;
				INFOPLIST_FILE = "Fland-iOS-Project/Resources/Info.plist";
				INFOPLIST_KEY_CFBundleDisplayName = Fland;
				INFOPLIST_KEY_LSApplicationCategoryType = "public.app-category.lifestyle";
				INFOPLIST_KEY_UIApplicationSupportsIndirectInputEvents = YES;
				INFOPLIST_KEY_UILaunchStoryboardName = LaunchScreen;
				INFOPLIST_KEY_UISupportedInterfaceOrientations = UIInterfaceOrientationPortrait;
				IPHONEOS_DEPLOYMENT_TARGET = 15.0;
				LD_RUNPATH_SEARCH_PATHS = (
					"$(inherited)",
					"@executable_path/Frameworks",
				);
				MARKETING_VERSION = 1.0;
				PRODUCT_BUNDLE_IDENTIFIER = com.FlandIOS;
				PRODUCT_NAME = "$(TARGET_NAME)";
				SUPPORTED_PLATFORMS = "iphoneos iphonesimulator";
				SUPPORTS_MACCATALYST = NO;
				SUPPORTS_MAC_DESIGNED_FOR_IPHONE_IPAD = NO;
				SWIFT_EMIT_LOC_STRINGS = YES;
				SWIFT_VERSION = 5.0;
				TARGETED_DEVICE_FAMILY = 1;
			};
			name = Release;
		};
/* End XCBuildConfiguration section */

/* Begin XCConfigurationList section */
		2598133529210FE600C7AC26 /* Build configuration list for PBXProject "Fland-iOS-Project" */ = {
			isa = XCConfigurationList;
			buildConfigurations = (
				2598134C29210FE700C7AC26 /* Debug */,
				2598134D29210FE700C7AC26 /* Release */,
			);
			defaultConfigurationIsVisible = 0;
			defaultConfigurationName = Release;
		};
		2598134E29210FE700C7AC26 /* Build configuration list for PBXNativeTarget "Fland-iOS-Project" */ = {
			isa = XCConfigurationList;
			buildConfigurations = (
				2598134F29210FE700C7AC26 /* Debug */,
				2598135029210FE700C7AC26 /* Release */,
			);
			defaultConfigurationIsVisible = 0;
			defaultConfigurationName = Release;
		};
/* End XCConfigurationList section */

/* Begin XCRemoteSwiftPackageReference section */
		258EA25C2929CC7300A289C3 /* XCRemoteSwiftPackageReference "SnapKit" */ = {
			isa = XCRemoteSwiftPackageReference;
			repositoryURL = "https://github.com/SnapKit/SnapKit";
			requirement = {
				kind = upToNextMajorVersion;
				minimumVersion = 5.0.0;
			};
		};
/* End XCRemoteSwiftPackageReference section */

/* Begin XCSwiftPackageProductDependency section */
		258EA25D2929CC7400A289C3 /* SnapKit */ = {
			isa = XCSwiftPackageProductDependency;
			package = 258EA25C2929CC7300A289C3 /* XCRemoteSwiftPackageReference "SnapKit" */;
			productName = SnapKit;
		};
/* End XCSwiftPackageProductDependency section */
	};
	rootObject = 2598133229210FE600C7AC26 /* Project object */;
}
